
Microsoft Visual Studio Solution File, Format Version 12.00
# Visual Studio Version 16
VisualStudioVersion = 16.0.31729.503
MinimumVisualStudioVersion = 10.0.40219.1
Project("{8BC9CEB8-8B4A-11D0-8D11-00A0C91BC942}") = "Project1", "Project1\Project1.vcxproj", "{FC5781F2-A63E-49C7-84D2-1DD277A7059B}"
EndProject
Global
	GlobalSection(SolutionConfigurationPlatforms) = preSolution
		Debug|x64 = Debug|x64
		Debug|x86 = Debug|x86
		Release|x64 = Release|x64
		Release|x86 = Release|x86
	EndGlobalSection
	GlobalSection(ProjectConfigurationPlatforms) = postSolution
		{FC5781F2-A63E-49C7-84D2-1DD277A7059B}.Debug|x64.ActiveCfg = Debug|x64
		{FC5781F2-A63E-49C7-84D2-1DD277A7059B}.Debug|x64.Build.0 = Debug|x64
		{FC5781F2-A63E-49C7-84D2-1DD277A7059B}.Debug|x86.ActiveCfg = Debug|Win32
		{FC5781F2-A63E-49C7-84D2-1DD277A7059B}.Debug|x86.Build.0 = Debug|Win32
		{FC5781F2-A63E-49C7-84D2-1DD277A7059B}.Release|x64.ActiveCfg = Release|x64
		{FC5781F2-A63E-49C7-84D2-1DD277A7059B}.Release|x64.Build.0 = Release|x64
		{FC5781F2-A63E-49C7-84D2-1DD277A7059B}.Release|x86.ActiveCfg = Release|Win32
		{FC5781F2-A63E-49C7-84D2-1DD277A7059B}.Release|x86.Build.0 = Release|Win32
	EndGlobalSection
	GlobalSection(SolutionProperties) = preSolution
		HideSolutionNode = FALSE
	EndGlobalSection
	GlobalSection(ExtensibilityGlobals) = postSolution
		SolutionGuid = {9474FC58-F37D-4FC8-B5B2-AD3DC09F9CA6}
	EndGlobalSection
EndGlobal
