
Microsoft Visual Studio Solution File, Format Version 12.00
# Visual Studio Version 16
VisualStudioVersion = 16.0.31729.503
MinimumVisualStudioVersion = 10.0.40219.1
Project("{8BC9CEB8-8B4A-11D0-8D11-00A0C91BC942}") = "Project1", "Project1\Project1.vcxproj", "{C565EB14-CBC5-4166-8B88-F56826ED53CD}"
EndProject
Global
	GlobalSection(SolutionConfigurationPlatforms) = preSolution
		Debug|x64 = Debug|x64
		Debug|x86 = Debug|x86
		Release|x64 = Release|x64
		Release|x86 = Release|x86
	EndGlobalSection
	GlobalSection(ProjectConfigurationPlatforms) = postSolution
		{C565EB14-CBC5-4166-8B88-F56826ED53CD}.Debug|x64.ActiveCfg = Debug|x64
		{C565EB14-CBC5-4166-8B88-F56826ED53CD}.Debug|x64.Build.0 = Debug|x64
		{C565EB14-CBC5-4166-8B88-F56826ED53CD}.Debug|x86.ActiveCfg = Debug|Win32
		{C565EB14-CBC5-4166-8B88-F56826ED53CD}.Debug|x86.Build.0 = Debug|Win32
		{C565EB14-CBC5-4166-8B88-F56826ED53CD}.Release|x64.ActiveCfg = Release|x64
		{C565EB14-CBC5-4166-8B88-F56826ED53CD}.Release|x64.Build.0 = Release|x64
		{C565EB14-CBC5-4166-8B88-F56826ED53CD}.Release|x86.ActiveCfg = Release|Win32
		{C565EB14-CBC5-4166-8B88-F56826ED53CD}.Release|x86.Build.0 = Release|Win32
	EndGlobalSection
	GlobalSection(SolutionProperties) = preSolution
		HideSolutionNode = FALSE
	EndGlobalSection
	GlobalSection(ExtensibilityGlobals) = postSolution
		SolutionGuid = {A6E9FE9A-F337-4A07-B0B1-A886CD18775A}
	EndGlobalSection
EndGlobal
