
Microsoft Visual Studio Solution File, Format Version 12.00
# Visual Studio Version 16
VisualStudioVersion = 16.0.31729.503
MinimumVisualStudioVersion = 10.0.40219.1
Project("{8BC9CEB8-8B4A-11D0-8D11-00A0C91BC942}") = "Project1", "Project1\Project1.vcxproj", "{7298E6BD-AA7F-4037-87F7-E571D2E7C02A}"
EndProject
Global
	GlobalSection(SolutionConfigurationPlatforms) = preSolution
		Debug|x64 = Debug|x64
		Debug|x86 = Debug|x86
		Release|x64 = Release|x64
		Release|x86 = Release|x86
	EndGlobalSection
	GlobalSection(ProjectConfigurationPlatforms) = postSolution
		{7298E6BD-AA7F-4037-87F7-E571D2E7C02A}.Debug|x64.ActiveCfg = Debug|x64
		{7298E6BD-AA7F-4037-87F7-E571D2E7C02A}.Debug|x64.Build.0 = Debug|x64
		{7298E6BD-AA7F-4037-87F7-E571D2E7C02A}.Debug|x86.ActiveCfg = Debug|Win32
		{7298E6BD-AA7F-4037-87F7-E571D2E7C02A}.Debug|x86.Build.0 = Debug|Win32
		{7298E6BD-AA7F-4037-87F7-E571D2E7C02A}.Release|x64.ActiveCfg = Release|x64
		{7298E6BD-AA7F-4037-87F7-E571D2E7C02A}.Release|x64.Build.0 = Release|x64
		{7298E6BD-AA7F-4037-87F7-E571D2E7C02A}.Release|x86.ActiveCfg = Release|Win32
		{7298E6BD-AA7F-4037-87F7-E571D2E7C02A}.Release|x86.Build.0 = Release|Win32
	EndGlobalSection
	GlobalSection(SolutionProperties) = preSolution
		HideSolutionNode = FALSE
	EndGlobalSection
	GlobalSection(ExtensibilityGlobals) = postSolution
		SolutionGuid = {35D6415F-B993-422C-A225-FFDE4B5F7181}
	EndGlobalSection
EndGlobal
