
Microsoft Visual Studio Solution File, Format Version 12.00
# Visual Studio Version 16
VisualStudioVersion = 16.0.31729.503
MinimumVisualStudioVersion = 10.0.40219.1
Project("{8BC9CEB8-8B4A-11D0-8D11-00A0C91BC942}") = "Project1", "Project1\Project1.vcxproj", "{E2C76757-0F7E-44A4-9CD1-AF887090F76C}"
EndProject
Global
	GlobalSection(SolutionConfigurationPlatforms) = preSolution
		Debug|x64 = Debug|x64
		Debug|x86 = Debug|x86
		Release|x64 = Release|x64
		Release|x86 = Release|x86
	EndGlobalSection
	GlobalSection(ProjectConfigurationPlatforms) = postSolution
		{E2C76757-0F7E-44A4-9CD1-AF887090F76C}.Debug|x64.ActiveCfg = Debug|x64
		{E2C76757-0F7E-44A4-9CD1-AF887090F76C}.Debug|x64.Build.0 = Debug|x64
		{E2C76757-0F7E-44A4-9CD1-AF887090F76C}.Debug|x86.ActiveCfg = Debug|Win32
		{E2C76757-0F7E-44A4-9CD1-AF887090F76C}.Debug|x86.Build.0 = Debug|Win32
		{E2C76757-0F7E-44A4-9CD1-AF887090F76C}.Release|x64.ActiveCfg = Release|x64
		{E2C76757-0F7E-44A4-9CD1-AF887090F76C}.Release|x64.Build.0 = Release|x64
		{E2C76757-0F7E-44A4-9CD1-AF887090F76C}.Release|x86.ActiveCfg = Release|Win32
		{E2C76757-0F7E-44A4-9CD1-AF887090F76C}.Release|x86.Build.0 = Release|Win32
	EndGlobalSection
	GlobalSection(SolutionProperties) = preSolution
		HideSolutionNode = FALSE
	EndGlobalSection
	GlobalSection(ExtensibilityGlobals) = postSolution
		SolutionGuid = {704E0F8A-D72A-4497-8570-03D7933320CF}
	EndGlobalSection
EndGlobal
